{
    "_readme": [
        "This file locks the dependencies of your project to a known state",
        "Read more about it at https://getcomposer.org/doc/01-basic-usage.md#installing-dependencies",
        "This file is @generated automatically"
    ],
    "content-hash": "90c249ffd82b1dedc016b029b8a1067b",
    "packages": [
        {
            "name": "arifpavel/elementor-stubs",
            "version": "3.1.4.1",
            "source": {
                "type": "git",
                "url": "https://github.com/arifpavel/elementor-stubs.git",
                "reference": "69f022cc861e29003011fff99acbb2a79f06f0eb"
            },
            "dist": {
                "type": "zip",
                "url": "https://api.github.com/repos/arifpavel/elementor-stubs/zipball/69f022cc861e29003011fff99acbb2a79f06f0eb",
                "reference": "69f022cc861e29003011fff99acbb2a79f06f0eb",
                "shasum": ""
            },
            "require-dev": {
                "ext-gettext": "*",
                "giacocorsiglia/stubs-generator": "^0.5.0",
                "php": "^7.1"
            },
            "type": "library",
            "notification-url": "https://packagist.org/downloads/",
            "license": [
                "GPL-2.0+"
            ],
            "authors": [
                {
                    "name": "Arif Pavel",
                    "email": "pavelpatiya@gmail.com"
                }
            ],
            "description": "Elementor function, class, and global variable declaration stubs for easier static analysis.",
            "homepage": "https://github.com/arifpavel/elementor-stubs",
            "keywords": [
                "elementor",
                "static analysis"
            ],
            "support": {
                "issues": "https://github.com/arifpavel/elementor-stubs/issues",
                "source": "https://github.com/arifpavel/elementor-stubs/tree/3.1.4.1"
            },
            "time": "2021-04-05T11:32:53+00:00"
        },
        {
            "name": "php-stubs/woocommerce-stubs",
            "version": "v9.1.0",
            "source": {
                "type": "git",
                "url": "https://github.com/php-stubs/woocommerce-stubs.git",
                "reference": "2c95c633362d1f4f531f69e5db63bb19399d8b58"
            },
            "dist": {
                "type": "zip",
                "url": "https://api.github.com/repos/php-stubs/woocommerce-stubs/zipball/2c95c633362d1f4f531f69e5db63bb19399d8b58",
                "reference": "2c95c633362d1f4f531f69e5db63bb19399d8b58",
                "shasum": ""
            },
            "require": {
                "php-stubs/wordpress-stubs": "^5.3 || ^6.0"
            },
            "require-dev": {
                "php": "~7.1 || ~8.0",
                "php-stubs/generator": "^0.8.0"
            },
            "suggest": {
                "symfony/polyfill-php73": "Symfony polyfill backporting some PHP 7.3+ features to lower PHP versions",
                "szepeviktor/phpstan-wordpress": "WordPress extensions for PHPStan"
            },
            "type": "library",
            "notification-url": "https://packagist.org/downloads/",
            "license": [
                "MIT"
            ],
            "description": "WooCommerce function and class declaration stubs for static analysis.",
            "homepage": "https://github.com/php-stubs/woocommerce-stubs",
            "keywords": [
                "PHPStan",
                "static analysis",
                "woocommerce",
                "wordpress"
            ],
            "support": {
                "issues": "https://github.com/php-stubs/woocommerce-stubs/issues",
                "source": "https://github.com/php-stubs/woocommerce-stubs/tree/v9.1.0"
            },
            "time": "2024-07-11T10:55:02+00:00"
        },
        {
            "name": "php-stubs/wordpress-stubs",
            "version": "v6.6.0",
            "source": {
                "type": "git",
                "url": "https://github.com/php-stubs/wordpress-stubs.git",
                "reference": "86e8753e89d59849276dcdd91b9a7dd78bb4abe2"
            },
            "dist": {
                "type": "zip",
                "url": "https://api.github.com/repos/php-stubs/wordpress-stubs/zipball/86e8753e89d59849276dcdd91b9a7dd78bb4abe2",
                "reference": "86e8753e89d59849276dcdd91b9a7dd78bb4abe2",
                "shasum": ""
            },
            "require-dev": {
                "dealerdirect/phpcodesniffer-composer-installer": "^1.0",
                "nikic/php-parser": "^4.13",
                "php": "^7.4 || ^8.0",
                "php-stubs/generator": "^0.8.3",
                "phpdocumentor/reflection-docblock": "^5.4.1",
                "phpstan/phpstan": "^1.10.49",
                "phpunit/phpunit": "^9.5",
                "szepeviktor/phpcs-psr-12-neutron-hybrid-ruleset": "^1.0",
                "wp-coding-standards/wpcs": "3.1.0 as 2.3.0"
            },
            "suggest": {
                "paragonie/sodium_compat": "Pure PHP implementation of libsodium",
                "symfony/polyfill-php80": "Symfony polyfill backporting some PHP 8.0+ features to lower PHP versions",
                "szepeviktor/phpstan-wordpress": "WordPress extensions for PHPStan"
            },
            "type": "library",
            "notification-url": "https://packagist.org/downloads/",
            "license": [
                "MIT"
            ],
            "description": "WordPress function and class declaration stubs for static analysis.",
            "homepage": "https://github.com/php-stubs/wordpress-stubs",
            "keywords": [
                "PHPStan",
                "static analysis",
                "wordpress"
            ],
            "support": {
                "issues": "https://github.com/php-stubs/wordpress-stubs/issues",
                "source": "https://github.com/php-stubs/wordpress-stubs/tree/v6.6.0"
            },
            "time": "2024-07-17T08:50:38+00:00"
        }
    ],
    "packages-dev": [],
    "aliases": [],
    "minimum-stability": "stable",
    "stability-flags": [],
    "prefer-stable": false,
    "prefer-lowest": false,
    "platform": [],
    "platform-dev": [],
    "plugin-api-version": "2.6.0"
}
